github.com/dchest/siphash v1.2.3 h1:QXwFc8cFOR2dSa/gE6o/HokBMWtLUaNDVd+22aKHeEA=
github.com/dchest/siphash v1.2.3/go.mod h1:0NvQU092bT0ipiFN++/rXm69QG9tVxLAlQHIXMPAkHc=
github.com/hashicorp/golang-lru/arc/v2 v2.0.7 h1:QxkVTxwColcduO+LP7eJO56r2hFiG8zEbfAAzRv52KQ=
github.com/hashicorp/golang-lru/arc/v2 v2.0.7/go.mod h1:Pe7gBlGdc8clY5LJ0LpJXMt5AmgmWNH1g+oFFVUHOEc=
github.com/hashicorp/golang-lru/v2 v2.0.7 h1:a+bsQ5rvGLjzHuww6tVxozPZFVghXaHOwFs4luLUK2k=
github.com/hashicorp/golang-lru/v2 v2.0.7/go.mod h1:QeFd9opnmA6QUJc5vARoKUSoFhyfM2/ZepoAG6RGpeM=
github.com/opencoff/go-fasthash v0.0.0-20180406145558-aed761496075 h1:E6jK9PFTGb2trsAstgycRMavAki/W1NDF8aQ636Qf/k=
github.com/opencoff/go-fasthash v0.0.0-20180406145558-aed761496075/go.mod h1:MwRUIaK13/MmcsYPJVhMELsWvP1PQjTZeNn442GPpU4=
github.com/opencoff/pflag v1.0.6-sh1 h1:6RO8GgnpH928yu6earGDD01FnFT//bDJ1hCovcVVqY4=
github.com/opencoff/pflag v1.0.6-sh1/go.mod h1:2bXtpAD/5h/2LarkbsRwiUxqnvB1nZBzn9Xjad1P41A=
